// !$*UTF8*$!
{
	archiveVersion = 1;
	classes = {
	};
	objectVersion = 46;
	objects = {

/* Begin PBXBuildFile section */
		04F721511BD0264E00A430EA /* AppDelegate.swift in Sources */ = {isa = PBXBuildFile; fileRef = 04F721501BD0264E00A430EA /* AppDelegate.swift */; };
		04F721531BD0264E00A430EA /* ViewController.swift in Sources */ = {isa = PBXBuildFile; fileRef = 04F721521BD0264E00A430EA /* ViewController.swift */; };
		04F721561BD0264E00A430EA /* Main.storyboard in Resources */ = {isa = PBXBuildFile; fileRef = 04F721541BD0264E00A430EA /* Main.storyboard */; };
		04F721581BD0264E00A430EA /* Assets.xcassets in Resources */ = {isa = PBXBuildFile; fileRef = 04F721571BD0264E00A430EA /* Assets.xcassets */; };
		04F7215B1BD0264E00A430EA /* LaunchScreen.storyboard in Resources */ = {isa = PBXBuildFile; fileRef = 04F721591BD0264E00A430EA /* LaunchScreen.storyboard */; };
		04F721631BD028E600A430EA /* TableViewController.swift in Sources */ = {isa = PBXBuildFile; fileRef = 04F721621BD028E600A430EA /* TableViewController.swift */; settings = {ASSET_TAGS = (); }; };
		04F721651BD02A2900A430EA /* CoreLocation.framework in Frameworks */ = {isa = PBXBuildFile; fileRef = 04F721641BD02A2900A430EA /* CoreLocation.framework */; };
/* End PBXBuildFile section */

/* Begin PBXFileReference section */
		04F7214D1BD0264E00A430EA /* Memorable Places.app */ = {isa = PBXFileReference; explicitFileType = wrapper.application; includeInIndex = 0; path = "Memorable Places.app"; sourceTree = BUILT_PRODUCTS_DIR; };
		04F721501BD0264E00A430EA /* AppDelegate.swift */ = {isa = PBXFileReference; lastKnownFileType = sourcecode.swift; path = AppDelegate.swift; sourceTree = "<group>"; };
		04F721521BD0264E00A430EA /* ViewController.swift */ = {isa = PBXFileReference; lastKnownFileType = sourcecode.swift; path = ViewController.swift; sourceTree = "<group>"; };
		04F721551BD0264E00A430EA /* Base */ = {isa = PBXFileReference; lastKnownFileType = file.storyboard; name = Base; path = Base.lproj/Main.storyboard; sourceTree = "<group>"; };
		04F721571BD0264E00A430EA /* Assets.xcassets */ = {isa = PBXFileReference; lastKnownFileType = folder.assetcatalog; path = Assets.xcassets; sourceTree = "<group>"; };
		04F7215A1BD0264E00A430EA /* Base */ = {isa = PBXFileReference; lastKnownFileType = file.storyboard; name = Base; path = Base.lproj/LaunchScreen.storyboard; sourceTree = "<group>"; };
		04F7215C1BD0264E00A430EA /* Info.plist */ = {isa = PBXFileReference; lastKnownFileType = text.plist.xml; path = Info.plist; sourceTree = "<group>"; };
		04F721621BD028E600A430EA /* TableViewController.swift */ = {isa = PBXFileReference; fileEncoding = 4; lastKnownFileType = sourcecode.swift; path = TableViewController.swift; sourceTree = "<group>"; };
		04F721641BD02A2900A430EA /* CoreLocation.framework */ = {isa = PBXFileReference; lastKnownFileType = wrapper.framework; name = CoreLocation.framework; path = System/Library/Frameworks/CoreLocation.framework; sourceTree = SDKROOT; };
/* End PBXFileReference section */

/* Begin PBXFrameworksBuildPhase section */
		04F7214A1BD0264E00A430EA /* Frameworks */ = {
			isa = PBXFrameworksBuildPhase;
			buildActionMask = 2147483647;
			files = (
				04F721651BD02A2900A430EA /* CoreLocation.framework in Frameworks */,
			);
			runOnlyForDeploymentPostprocessing = 0;
		};
/* End PBXFrameworksBuildPhase section */

/* Begin PBXGroup section */
		04F721441BD0264E00A430EA = {
			isa = PBXGroup;
			children = (
				04F721661BD02A3500A430EA /* Framework */,
				04F7214F1BD0264E00A430EA /* Memorable Places */,
				04F7214E1BD0264E00A430EA /* Products */,
			);
			sourceTree = "<group>";
		};
		04F7214E1BD0264E00A430EA /* Products */ = {
			isa = PBXGroup;
			children = (
				04F7214D1BD0264E00A430EA /* Memorable Places.app */,
			);
			name = Products;
			sourceTree = "<group>";
		};
		04F7214F1BD0264E00A430EA /* Memorable Places */ = {
			isa = PBXGroup;
			children = (
				04F721501BD0264E00A430EA /* AppDelegate.swift */,
				04F721521BD0264E00A430EA /* ViewController.swift */,
				04F721621BD028E600A430EA /* TableViewController.swift */,
				04F721541BD0264E00A430EA /* Main.storyboard */,
				04F721571BD0264E00A430EA /* Assets.xcassets */,
				04F721591BD0264E00A430EA /* LaunchScreen.storyboard */,
				04F7215C1BD0264E00A430EA /* Info.plist */,
			);
			path = "Memorable Places";
			sourceTree = "<group>";
		};
		04F721661BD02A3500A430EA /* Framework */ = {
			isa = PBXGroup;
			children = (
				04F721641BD02A2900A430EA /* CoreLocation.framework */,
			);
			name = Framework;
			sourceTree = "<group>";
		};
/* End PBXGroup section */

/* Begin PBXNativeTarget section */
		04F7214C1BD0264E00A430EA /* Memorable Places */ = {
			isa = PBXNativeTarget;
			buildConfigurationList = 04F7215F1BD0264E00A430EA /* Build configuration list for PBXNativeTarget "Memorable Places" */;
			buildPhases = (
				04F721491BD0264E00A430EA /* Sources */,
				04F7214A1BD0264E00A430EA /* Frameworks */,
				04F7214B1BD0264E00A430EA /* Resources */,
			);
			buildRules = (
			);
			dependencies = (
			);
			name = "Memorable Places";
			productName = "Memorable Places";
			productReference = 04F7214D1BD0264E00A430EA /* Memorable Places.app */;
			productType = "com.apple.product-type.application";
		};
/* End PBXNativeTarget section */

/* Begin PBXProject section */
		04F721451BD0264E00A430EA /* Project object */ = {
			isa = PBXProject;
			attributes = {
				LastUpgradeCheck = 0700;
				ORGANIZATIONNAME = "Jorge Bastos";
				TargetAttributes = {
					04F7214C1BD0264E00A430EA = {
						CreatedOnToolsVersion = 7.0.1;
					};
				};
			};
			buildConfigurationList = 04F721481BD0264E00A430EA /* Build configuration list for PBXProject "Memorable Places" */;
			compatibilityVersion = "Xcode 3.2";
			developmentRegion = English;
			hasScannedForEncodings = 0;
			knownRegions = (
				en,
				Base,
			);
			mainGroup = 04F721441BD0264E00A430EA;
			productRefGroup = 04F7214E1BD0264E00A430EA /* Products */;
			projectDirPath = "";
			projectRoot = "";
			targets = (
				04F7214C1BD0264E00A430EA /* Memorable Places */,
			);
		};
/* End PBXProject section */

/* Begin PBXResourcesBuildPhase section */
		04F7214B1BD0264E00A430EA /* Resources */ = {
			isa = PBXResourcesBuildPhase;
			buildActionMask = 2147483647;
			files = (
				04F7215B1BD0264E00A430EA /* LaunchScreen.storyboard in Resources */,
				04F721581BD0264E00A430EA /* Assets.xcassets in Resources */,
				04F721561BD0264E00A430EA /* Main.storyboard in Resources */,
			);
			runOnlyForDeploymentPostprocessing = 0;
		};
/* End PBXResourcesBuildPhase section */

/* Begin PBXSourcesBuildPhase section */
		04F721491BD0264E00A430EA /* Sources */ = {
			isa = PBXSourcesBuildPhase;
			buildActionMask = 2147483647;
			files = (
				04F721531BD0264E00A430EA /* ViewController.swift in Sources */,
				04F721631BD028E600A430EA /* TableViewController.swift in Sources */,
				04F721511BD0264E00A430EA /* AppDelegate.swift in Sources */,
			);
			runOnlyForDeploymentPostprocessing = 0;
		};
/* End PBXSourcesBuildPhase section */

/* Begin PBXVariantGroup section */
		04F721541BD0264E00A430EA /* Main.storyboard */ = {
			isa = PBXVariantGroup;
			children = (
				04F721551BD0264E00A430EA /* Base */,
			);
			name = Main.storyboard;
			sourceTree = "<group>";
		};
		04F721591BD0264E00A430EA /* LaunchScreen.storyboard */ = {
			isa = PBXVariantGroup;
			children = (
				04F7215A1BD0264E00A430EA /* Base */,
			);
			name = LaunchScreen.storyboard;
			sourceTree = "<group>";
		};
/* End PBXVariantGroup section */

/* Begin XCBuildConfiguration section */
		04F7215D1BD0264E00A430EA /* Debug */ = {
			isa = XCBuildConfiguration;
			buildSettings = {
				ALWAYS_SEARCH_USER_PATHS = NO;
				CLANG_CXX_LANGUAGE_STANDARD = "gnu++0x";
				CLANG_CXX_LIBRARY = "libc++";
				CLANG_ENABLE_MODULES = YES;
				CLANG_ENABLE_OBJC_ARC = YES;
				CLANG_WARN_BOOL_CONVERSION = YES;
				CLANG_WARN_CONSTANT_CONVERSION = YES;
				CLANG_WARN_DIRECT_OBJC_ISA_USAGE = YES_ERROR;
				CLANG_WARN_EMPTY_BODY = YES;
				CLANG_WARN_ENUM_CONVERSION = YES;
				CLANG_WARN_INT_CONVERSION = YES;
				CLANG_WARN_OBJC_ROOT_CLASS = YES_ERROR;
				CLANG_WARN_UNREACHABLE_CODE = YES;
				CLANG_WARN__DUPLICATE_METHOD_MATCH = YES;
				"CODE_SIGN_IDENTITY[sdk=iphoneos*]" = "iPhone Developer";
				COPY_PHASE_STRIP = NO;
				DEBUG_INFORMATION_FORMAT = dwarf;
				ENABLE_STRICT_OBJC_MSGSEND = YES;
				ENABLE_TESTABILITY = YES;
				GCC_C_LANGUAGE_STANDARD = gnu99;
				GCC_DYNAMIC_NO_PIC = NO;
				GCC_NO_COMMON_BLOCKS = YES;
				GCC_OPTIMIZATION_LEVEL = 0;
				GCC_PREPROCESSOR_DEFINITIONS = (
					"DEBUG=1",
					"$(inherited)",
				);
				GCC_WARN_64_TO_32_BIT_CONVERSION = YES;
				GCC_WARN_ABOUT_RETURN_TYPE = YES_ERROR;
				GCC_WARN_UNDECLARED_SELECTOR = YES;
				GCC_WARN_UNINITIALIZED_AUTOS = YES_AGGRESSIVE;
				GCC_WARN_UNUSED_FUNCTION = YES;
				GCC_WARN_UNUSED_VARIABLE = YES;
				IPHONEOS_DEPLOYMENT_TARGET = 9.0;
				MTL_ENABLE_DEBUG_INFO = YES;
				ONLY_ACTIVE_ARCH = YES;
				SDKROOT = iphoneos;
				SWIFT_OPTIMIZATION_LEVEL = "-Onone";
			};
			name = Debug;
		};
		04F7215E1BD0264E00A430EA /* Release */ = {
			isa = XCBuildConfiguration;
			buildSettings = {
				ALWAYS_SEARCH_USER_PATHS = NO;
				CLANG_CXX_LANGUAGE_STANDARD = "gnu++0x";
				CLANG_CXX_LIBRARY = "libc++";
				CLANG_ENABLE_MODULES = YES;
				CLANG_ENABLE_OBJC_ARC = YES;
				CLANG_WARN_BOOL_CONVERSION = YES;
				CLANG_WARN_CONSTANT_CONVERSION = YES;
				CLANG_WARN_DIRECT_OBJC_ISA_USAGE = YES_ERROR;
				CLANG_WARN_EMPTY_BODY = YES;
				CLANG_WARN_ENUM_CONVERSION = YES;
				CLANG_WARN_INT_CONVERSION = YES;
				CLANG_WARN_OBJC_ROOT_CLASS = YES_ERROR;
				CLANG_WARN_UNREACHABLE_CODE = YES;
				CLANG_WARN__DUPLICATE_METHOD_MATCH = YES;
				"CODE_SIGN_IDENTITY[sdk=iphoneos*]" = "iPhone Developer";
				COPY_PHASE_STRIP = NO;
				DEBUG_INFORMATION_FORMAT = "dwarf-with-dsym";
				ENABLE_NS_ASSERTIONS = NO;
				ENABLE_STRICT_OBJC_MSGSEND = YES;
				GCC_C_LANGUAGE_STANDARD = gnu99;
				GCC_NO_COMMON_BLOCKS = YES;
				GCC_WARN_64_TO_32_BIT_CONVERSION = YES;
				GCC_WARN_ABOUT_RETURN_TYPE = YES_ERROR;
				GCC_WARN_UNDECLARED_SELECTOR = YES;
				GCC_WARN_UNINITIALIZED_AUTOS = YES_AGGRESSIVE;
				GCC_WARN_UNUSED_FUNCTION = YES;
				GCC_WARN_UNUSED_VARIABLE = YES;
				IPHONEOS_DEPLOYMENT_TARGET = 9.0;
				MTL_ENABLE_DEBUG_INFO = NO;
				SDKROOT = iphoneos;
				VALIDATE_PRODUCT = YES;
			};
			name = Release;
		};
		04F721601BD0264E00A430EA /* Debug */ = {
			isa = XCBuildConfiguration;
			buildSettings = {
				ASSETCATALOG_COMPILER_APPICON_NAME = AppIcon;
				INFOPLIST_FILE = "Memorable Places/Info.plist";
				LD_RUNPATH_SEARCH_PATHS = "$(inherited) @executable_path/Frameworks";
				PRODUCT_BUNDLE_IDENTIFIER = "-013D47B3CF6.Memorable-Places";
				PRODUCT_NAME = "$(TARGET_NAME)";
			};
			name = Debug;
		};
		04F721611BD0264E00A430EA /* Release */ = {
			isa = XCBuildConfiguration;
			buildSettings = {
				ASSETCATALOG_COMPILER_APPICON_NAME = AppIcon;
				INFOPLIST_FILE = "Memorable Places/Info.plist";
				LD_RUNPATH_SEARCH_PATHS = "$(inherited) @executable_path/Frameworks";
				PRODUCT_BUNDLE_IDENTIFIER = "-013D47B3CF6.Memorable-Places";
				PRODUCT_NAME = "$(TARGET_NAME)";
			};
			name = Release;
		};
/* End XCBuildConfiguration section */

/* Begin XCConfigurationList section */
		04F721481BD0264E00A430EA /* Build configuration list for PBXProject "Memorable Places" */ = {
			isa = XCConfigurationList;
			buildConfigurations = (
				04F7215D1BD0264E00A430EA /* Debug */,
				04F7215E1BD0264E00A430EA /* Release */,
			);
			defaultConfigurationIsVisible = 0;
			defaultConfigurationName = Release;
		};
		04F7215F1BD0264E00A430EA /* Build configuration list for PBXNativeTarget "Memorable Places" */ = {
			isa = XCConfigurationList;
			buildConfigurations = (
				04F721601BD0264E00A430EA /* Debug */,
				04F721611BD0264E00A430EA /* Release */,
			);
			defaultConfigurationIsVisible = 0;
		};
/* End XCConfigurationList section */
	};
	rootObject = 04F721451BD0264E00A430EA /* Project object */;
}
