// !$*UTF8*$!
{
	archiveVersion = 1;
	classes = {
	};
	objectVersion = 46;
	objects = {

/* Begin PBXBuildFile section */
		04F721131BD017F500A430EA /* AppDelegate.swift in Sources */ = {isa = PBXBuildFile; fileRef = 04F721121BD017F500A430EA /* AppDelegate.swift */; };
		04F721151BD017F500A430EA /* ViewController.swift in Sources */ = {isa = PBXBuildFile; fileRef = 04F721141BD017F500A430EA /* ViewController.swift */; };
		04F721181BD017F500A430EA /* Main.storyboard in Resources */ = {isa = PBXBuildFile; fileRef = 04F721161BD017F500A430EA /* Main.storyboard */; };
		04F7211A1BD017F500A430EA /* Assets.xcassets in Resources */ = {isa = PBXBuildFile; fileRef = 04F721191BD017F500A430EA /* Assets.xcassets */; };
		04F7211D1BD017F500A430EA /* LaunchScreen.storyboard in Resources */ = {isa = PBXBuildFile; fileRef = 04F7211B1BD017F500A430EA /* LaunchScreen.storyboard */; };
		04F721251BD01CA100A430EA /* TableViewController.swift in Sources */ = {isa = PBXBuildFile; fileRef = 04F721241BD01CA100A430EA /* TableViewController.swift */; settings = {ASSET_TAGS = (); }; };
/* End PBXBuildFile section */

/* Begin PBXFileReference section */
		04F7210F1BD017F400A430EA /* Advanced Segues.app */ = {isa = PBXFileReference; explicitFileType = wrapper.application; includeInIndex = 0; path = "Advanced Segues.app"; sourceTree = BUILT_PRODUCTS_DIR; };
		04F721121BD017F500A430EA /* AppDelegate.swift */ = {isa = PBXFileReference; lastKnownFileType = sourcecode.swift; path = AppDelegate.swift; sourceTree = "<group>"; };
		04F721141BD017F500A430EA /* ViewController.swift */ = {isa = PBXFileReference; lastKnownFileType = sourcecode.swift; path = ViewController.swift; sourceTree = "<group>"; };
		04F721171BD017F500A430EA /* Base */ = {isa = PBXFileReference; lastKnownFileType = file.storyboard; name = Base; path = Base.lproj/Main.storyboard; sourceTree = "<group>"; };
		04F721191BD017F500A430EA /* Assets.xcassets */ = {isa = PBXFileReference; lastKnownFileType = folder.assetcatalog; path = Assets.xcassets; sourceTree = "<group>"; };
		04F7211C1BD017F500A430EA /* Base */ = {isa = PBXFileReference; lastKnownFileType = file.storyboard; name = Base; path = Base.lproj/LaunchScreen.storyboard; sourceTree = "<group>"; };
		04F7211E1BD017F500A430EA /* Info.plist */ = {isa = PBXFileReference; lastKnownFileType = text.plist.xml; path = Info.plist; sourceTree = "<group>"; };
		04F721241BD01CA100A430EA /* TableViewController.swift */ = {isa = PBXFileReference; fileEncoding = 4; lastKnownFileType = sourcecode.swift; path = TableViewController.swift; sourceTree = "<group>"; };
/* End PBXFileReference section */

/* Begin PBXFrameworksBuildPhase section */
		04F7210C1BD017F400A430EA /* Frameworks */ = {
			isa = PBXFrameworksBuildPhase;
			buildActionMask = 2147483647;
			files = (
			);
			runOnlyForDeploymentPostprocessing = 0;
		};
/* End PBXFrameworksBuildPhase section */

/* Begin PBXGroup section */
		04F721061BD017F400A430EA = {
			isa = PBXGroup;
			children = (
				04F721111BD017F500A430EA /* Advanced Segues */,
				04F721101BD017F400A430EA /* Products */,
			);
			sourceTree = "<group>";
		};
		04F721101BD017F400A430EA /* Products */ = {
			isa = PBXGroup;
			children = (
				04F7210F1BD017F400A430EA /* Advanced Segues.app */,
			);
			name = Products;
			sourceTree = "<group>";
		};
		04F721111BD017F500A430EA /* Advanced Segues */ = {
			isa = PBXGroup;
			children = (
				04F721121BD017F500A430EA /* AppDelegate.swift */,
				04F721141BD017F500A430EA /* ViewController.swift */,
				04F721241BD01CA100A430EA /* TableViewController.swift */,
				04F721161BD017F500A430EA /* Main.storyboard */,
				04F721191BD017F500A430EA /* Assets.xcassets */,
				04F7211B1BD017F500A430EA /* LaunchScreen.storyboard */,
				04F7211E1BD017F500A430EA /* Info.plist */,
			);
			path = "Advanced Segues";
			sourceTree = "<group>";
		};
/* End PBXGroup section */

/* Begin PBXNativeTarget section */
		04F7210E1BD017F400A430EA /* Advanced Segues */ = {
			isa = PBXNativeTarget;
			buildConfigurationList = 04F721211BD017F500A430EA /* Build configuration list for PBXNativeTarget "Advanced Segues" */;
			buildPhases = (
				04F7210B1BD017F400A430EA /* Sources */,
				04F7210C1BD017F400A430EA /* Frameworks */,
				04F7210D1BD017F400A430EA /* Resources */,
			);
			buildRules = (
			);
			dependencies = (
			);
			name = "Advanced Segues";
			productName = "Advanced Segues";
			productReference = 04F7210F1BD017F400A430EA /* Advanced Segues.app */;
			productType = "com.apple.product-type.application";
		};
/* End PBXNativeTarget section */

/* Begin PBXProject section */
		04F721071BD017F400A430EA /* Project object */ = {
			isa = PBXProject;
			attributes = {
				LastUpgradeCheck = 0700;
				ORGANIZATIONNAME = "Jorge Bastos";
				TargetAttributes = {
					04F7210E1BD017F400A430EA = {
						CreatedOnToolsVersion = 7.0.1;
						DevelopmentTeam = M2YLC45JRA;
					};
				};
			};
			buildConfigurationList = 04F7210A1BD017F400A430EA /* Build configuration list for PBXProject "Advanced Segues" */;
			compatibilityVersion = "Xcode 3.2";
			developmentRegion = English;
			hasScannedForEncodings = 0;
			knownRegions = (
				en,
				Base,
			);
			mainGroup = 04F721061BD017F400A430EA;
			productRefGroup = 04F721101BD017F400A430EA /* Products */;
			projectDirPath = "";
			projectRoot = "";
			targets = (
				04F7210E1BD017F400A430EA /* Advanced Segues */,
			);
		};
/* End PBXProject section */

/* Begin PBXResourcesBuildPhase section */
		04F7210D1BD017F400A430EA /* Resources */ = {
			isa = PBXResourcesBuildPhase;
			buildActionMask = 2147483647;
			files = (
				04F7211D1BD017F500A430EA /* LaunchScreen.storyboard in Resources */,
				04F7211A1BD017F500A430EA /* Assets.xcassets in Resources */,
				04F721181BD017F500A430EA /* Main.storyboard in Resources */,
			);
			runOnlyForDeploymentPostprocessing = 0;
		};
/* End PBXResourcesBuildPhase section */

/* Begin PBXSourcesBuildPhase section */
		04F7210B1BD017F400A430EA /* Sources */ = {
			isa = PBXSourcesBuildPhase;
			buildActionMask = 2147483647;
			files = (
				04F721151BD017F500A430EA /* ViewController.swift in Sources */,
				04F721251BD01CA100A430EA /* TableViewController.swift in Sources */,
				04F721131BD017F500A430EA /* AppDelegate.swift in Sources */,
			);
			runOnlyForDeploymentPostprocessing = 0;
		};
/* End PBXSourcesBuildPhase section */

/* Begin PBXVariantGroup section */
		04F721161BD017F500A430EA /* Main.storyboard */ = {
			isa = PBXVariantGroup;
			children = (
				04F721171BD017F500A430EA /* Base */,
			);
			name = Main.storyboard;
			sourceTree = "<group>";
		};
		04F7211B1BD017F500A430EA /* LaunchScreen.storyboard */ = {
			isa = PBXVariantGroup;
			children = (
				04F7211C1BD017F500A430EA /* Base */,
			);
			name = LaunchScreen.storyboard;
			sourceTree = "<group>";
		};
/* End PBXVariantGroup section */

/* Begin XCBuildConfiguration section */
		04F7211F1BD017F500A430EA /* Debug */ = {
			isa = XCBuildConfiguration;
			buildSettings = {
				ALWAYS_SEARCH_USER_PATHS = NO;
				CLANG_CXX_LANGUAGE_STANDARD = "gnu++0x";
				CLANG_CXX_LIBRARY = "libc++";
				CLANG_ENABLE_MODULES = YES;
				CLANG_ENABLE_OBJC_ARC = YES;
				CLANG_WARN_BOOL_CONVERSION = YES;
				CLANG_WARN_CONSTANT_CONVERSION = YES;
				CLANG_WARN_DIRECT_OBJC_ISA_USAGE = YES_ERROR;
				CLANG_WARN_EMPTY_BODY = YES;
				CLANG_WARN_ENUM_CONVERSION = YES;
				CLANG_WARN_INT_CONVERSION = YES;
				CLANG_WARN_OBJC_ROOT_CLASS = YES_ERROR;
				CLANG_WARN_UNREACHABLE_CODE = YES;
				CLANG_WARN__DUPLICATE_METHOD_MATCH = YES;
				"CODE_SIGN_IDENTITY[sdk=iphoneos*]" = "iPhone Developer";
				COPY_PHASE_STRIP = NO;
				DEBUG_INFORMATION_FORMAT = dwarf;
				ENABLE_STRICT_OBJC_MSGSEND = YES;
				ENABLE_TESTABILITY = YES;
				GCC_C_LANGUAGE_STANDARD = gnu99;
				GCC_DYNAMIC_NO_PIC = NO;
				GCC_NO_COMMON_BLOCKS = YES;
				GCC_OPTIMIZATION_LEVEL = 0;
				GCC_PREPROCESSOR_DEFINITIONS = (
					"DEBUG=1",
					"$(inherited)",
				);
				GCC_WARN_64_TO_32_BIT_CONVERSION = YES;
				GCC_WARN_ABOUT_RETURN_TYPE = YES_ERROR;
				GCC_WARN_UNDECLARED_SELECTOR = YES;
				GCC_WARN_UNINITIALIZED_AUTOS = YES_AGGRESSIVE;
				GCC_WARN_UNUSED_FUNCTION = YES;
				GCC_WARN_UNUSED_VARIABLE = YES;
				IPHONEOS_DEPLOYMENT_TARGET = 9.0;
				MTL_ENABLE_DEBUG_INFO = YES;
				ONLY_ACTIVE_ARCH = YES;
				SDKROOT = iphoneos;
				SWIFT_OPTIMIZATION_LEVEL = "-Onone";
			};
			name = Debug;
		};
		04F721201BD017F500A430EA /* Release */ = {
			isa = XCBuildConfiguration;
			buildSettings = {
				ALWAYS_SEARCH_USER_PATHS = NO;
				CLANG_CXX_LANGUAGE_STANDARD = "gnu++0x";
				CLANG_CXX_LIBRARY = "libc++";
				CLANG_ENABLE_MODULES = YES;
				CLANG_ENABLE_OBJC_ARC = YES;
				CLANG_WARN_BOOL_CONVERSION = YES;
				CLANG_WARN_CONSTANT_CONVERSION = YES;
				CLANG_WARN_DIRECT_OBJC_ISA_USAGE = YES_ERROR;
				CLANG_WARN_EMPTY_BODY = YES;
				CLANG_WARN_ENUM_CONVERSION = YES;
				CLANG_WARN_INT_CONVERSION = YES;
				CLANG_WARN_OBJC_ROOT_CLASS = YES_ERROR;
				CLANG_WARN_UNREACHABLE_CODE = YES;
				CLANG_WARN__DUPLICATE_METHOD_MATCH = YES;
				"CODE_SIGN_IDENTITY[sdk=iphoneos*]" = "iPhone Developer";
				COPY_PHASE_STRIP = NO;
				DEBUG_INFORMATION_FORMAT = "dwarf-with-dsym";
				ENABLE_NS_ASSERTIONS = NO;
				ENABLE_STRICT_OBJC_MSGSEND = YES;
				GCC_C_LANGUAGE_STANDARD = gnu99;
				GCC_NO_COMMON_BLOCKS = YES;
				GCC_WARN_64_TO_32_BIT_CONVERSION = YES;
				GCC_WARN_ABOUT_RETURN_TYPE = YES_ERROR;
				GCC_WARN_UNDECLARED_SELECTOR = YES;
				GCC_WARN_UNINITIALIZED_AUTOS = YES_AGGRESSIVE;
				GCC_WARN_UNUSED_FUNCTION = YES;
				GCC_WARN_UNUSED_VARIABLE = YES;
				IPHONEOS_DEPLOYMENT_TARGET = 9.0;
				MTL_ENABLE_DEBUG_INFO = NO;
				SDKROOT = iphoneos;
				VALIDATE_PRODUCT = YES;
			};
			name = Release;
		};
		04F721221BD017F500A430EA /* Debug */ = {
			isa = XCBuildConfiguration;
			buildSettings = {
				ASSETCATALOG_COMPILER_APPICON_NAME = AppIcon;
				CODE_SIGN_IDENTITY = "iPhone Developer";
				"CODE_SIGN_IDENTITY[sdk=iphoneos*]" = "iPhone Developer";
				INFOPLIST_FILE = "Advanced Segues/Info.plist";
				LD_RUNPATH_SEARCH_PATHS = "$(inherited) @executable_path/Frameworks";
				PRODUCT_BUNDLE_IDENTIFIER = "-013D47B3CF6.Advanced-Segues";
				PRODUCT_NAME = "$(TARGET_NAME)";
				PROVISIONING_PROFILE = "";
			};
			name = Debug;
		};
		04F721231BD017F500A430EA /* Release */ = {
			isa = XCBuildConfiguration;
			buildSettings = {
				ASSETCATALOG_COMPILER_APPICON_NAME = AppIcon;
				CODE_SIGN_IDENTITY = "iPhone Developer";
				"CODE_SIGN_IDENTITY[sdk=iphoneos*]" = "iPhone Developer";
				INFOPLIST_FILE = "Advanced Segues/Info.plist";
				LD_RUNPATH_SEARCH_PATHS = "$(inherited) @executable_path/Frameworks";
				PRODUCT_BUNDLE_IDENTIFIER = "-013D47B3CF6.Advanced-Segues";
				PRODUCT_NAME = "$(TARGET_NAME)";
				PROVISIONING_PROFILE = "";
			};
			name = Release;
		};
/* End XCBuildConfiguration section */

/* Begin XCConfigurationList section */
		04F7210A1BD017F400A430EA /* Build configuration list for PBXProject "Advanced Segues" */ = {
			isa = XCConfigurationList;
			buildConfigurations = (
				04F7211F1BD017F500A430EA /* Debug */,
				04F721201BD017F500A430EA /* Release */,
			);
			defaultConfigurationIsVisible = 0;
			defaultConfigurationName = Release;
		};
		04F721211BD017F500A430EA /* Build configuration list for PBXNativeTarget "Advanced Segues" */ = {
			isa = XCConfigurationList;
			buildConfigurations = (
				04F721221BD017F500A430EA /* Debug */,
				04F721231BD017F500A430EA /* Release */,
			);
			defaultConfigurationIsVisible = 0;
		};
/* End XCConfigurationList section */
	};
	rootObject = 04F721071BD017F400A430EA /* Project object */;
}
