// !$*UTF8*$!
{
	archiveVersion = 1;
	classes = {
	};
	objectVersion = 46;
	objects = {

/* Begin PBXBuildFile section */
		04EE3BF91BCDA394006BFFD9 /* AppDelegate.swift in Sources */ = {isa = PBXBuildFile; fileRef = 04EE3BF81BCDA394006BFFD9 /* AppDelegate.swift */; };
		04EE3BFB1BCDA394006BFFD9 /* ViewController.swift in Sources */ = {isa = PBXBuildFile; fileRef = 04EE3BFA1BCDA394006BFFD9 /* ViewController.swift */; };
		04EE3BFE1BCDA394006BFFD9 /* Main.storyboard in Resources */ = {isa = PBXBuildFile; fileRef = 04EE3BFC1BCDA394006BFFD9 /* Main.storyboard */; };
		04EE3C001BCDA394006BFFD9 /* Assets.xcassets in Resources */ = {isa = PBXBuildFile; fileRef = 04EE3BFF1BCDA394006BFFD9 /* Assets.xcassets */; };
		04EE3C031BCDA394006BFFD9 /* LaunchScreen.storyboard in Resources */ = {isa = PBXBuildFile; fileRef = 04EE3C011BCDA394006BFFD9 /* LaunchScreen.storyboard */; };
		04EE3C0D1BCDA46F006BFFD9 /* board.png in Resources */ = {isa = PBXBuildFile; fileRef = 04EE3C0A1BCDA46F006BFFD9 /* board.png */; settings = {ASSET_TAGS = (); }; };
		04EE3C0E1BCDA46F006BFFD9 /* cross.png in Resources */ = {isa = PBXBuildFile; fileRef = 04EE3C0B1BCDA46F006BFFD9 /* cross.png */; settings = {ASSET_TAGS = (); }; };
		04EE3C0F1BCDA46F006BFFD9 /* nought.png in Resources */ = {isa = PBXBuildFile; fileRef = 04EE3C0C1BCDA46F006BFFD9 /* nought.png */; settings = {ASSET_TAGS = (); }; };
/* End PBXBuildFile section */

/* Begin PBXFileReference section */
		04EE3BF51BCDA394006BFFD9 /* Noughts And Crosses.app */ = {isa = PBXFileReference; explicitFileType = wrapper.application; includeInIndex = 0; path = "Noughts And Crosses.app"; sourceTree = BUILT_PRODUCTS_DIR; };
		04EE3BF81BCDA394006BFFD9 /* AppDelegate.swift */ = {isa = PBXFileReference; lastKnownFileType = sourcecode.swift; path = AppDelegate.swift; sourceTree = "<group>"; };
		04EE3BFA1BCDA394006BFFD9 /* ViewController.swift */ = {isa = PBXFileReference; lastKnownFileType = sourcecode.swift; path = ViewController.swift; sourceTree = "<group>"; };
		04EE3BFD1BCDA394006BFFD9 /* Base */ = {isa = PBXFileReference; lastKnownFileType = file.storyboard; name = Base; path = Base.lproj/Main.storyboard; sourceTree = "<group>"; };
		04EE3BFF1BCDA394006BFFD9 /* Assets.xcassets */ = {isa = PBXFileReference; lastKnownFileType = folder.assetcatalog; path = Assets.xcassets; sourceTree = "<group>"; };
		04EE3C021BCDA394006BFFD9 /* Base */ = {isa = PBXFileReference; lastKnownFileType = file.storyboard; name = Base; path = Base.lproj/LaunchScreen.storyboard; sourceTree = "<group>"; };
		04EE3C041BCDA394006BFFD9 /* Info.plist */ = {isa = PBXFileReference; lastKnownFileType = text.plist.xml; path = Info.plist; sourceTree = "<group>"; };
		04EE3C0A1BCDA46F006BFFD9 /* board.png */ = {isa = PBXFileReference; lastKnownFileType = image.png; path = board.png; sourceTree = "<group>"; };
		04EE3C0B1BCDA46F006BFFD9 /* cross.png */ = {isa = PBXFileReference; lastKnownFileType = image.png; path = cross.png; sourceTree = "<group>"; };
		04EE3C0C1BCDA46F006BFFD9 /* nought.png */ = {isa = PBXFileReference; lastKnownFileType = image.png; path = nought.png; sourceTree = "<group>"; };
/* End PBXFileReference section */

/* Begin PBXFrameworksBuildPhase section */
		04EE3BF21BCDA394006BFFD9 /* Frameworks */ = {
			isa = PBXFrameworksBuildPhase;
			buildActionMask = 2147483647;
			files = (
			);
			runOnlyForDeploymentPostprocessing = 0;
		};
/* End PBXFrameworksBuildPhase section */

/* Begin PBXGroup section */
		04EE3BEC1BCDA394006BFFD9 = {
			isa = PBXGroup;
			children = (
				04EE3BF71BCDA394006BFFD9 /* Noughts And Crosses */,
				04EE3BF61BCDA394006BFFD9 /* Products */,
			);
			sourceTree = "<group>";
		};
		04EE3BF61BCDA394006BFFD9 /* Products */ = {
			isa = PBXGroup;
			children = (
				04EE3BF51BCDA394006BFFD9 /* Noughts And Crosses.app */,
			);
			name = Products;
			sourceTree = "<group>";
		};
		04EE3BF71BCDA394006BFFD9 /* Noughts And Crosses */ = {
			isa = PBXGroup;
			children = (
				04EE3BF81BCDA394006BFFD9 /* AppDelegate.swift */,
				04EE3BFA1BCDA394006BFFD9 /* ViewController.swift */,
				04EE3BFC1BCDA394006BFFD9 /* Main.storyboard */,
				04EE3BFF1BCDA394006BFFD9 /* Assets.xcassets */,
				04EE3C0A1BCDA46F006BFFD9 /* board.png */,
				04EE3C0B1BCDA46F006BFFD9 /* cross.png */,
				04EE3C0C1BCDA46F006BFFD9 /* nought.png */,
				04EE3C011BCDA394006BFFD9 /* LaunchScreen.storyboard */,
				04EE3C041BCDA394006BFFD9 /* Info.plist */,
			);
			path = "Noughts And Crosses";
			sourceTree = "<group>";
		};
/* End PBXGroup section */

/* Begin PBXNativeTarget section */
		04EE3BF41BCDA394006BFFD9 /* Noughts And Crosses */ = {
			isa = PBXNativeTarget;
			buildConfigurationList = 04EE3C071BCDA394006BFFD9 /* Build configuration list for PBXNativeTarget "Noughts And Crosses" */;
			buildPhases = (
				04EE3BF11BCDA394006BFFD9 /* Sources */,
				04EE3BF21BCDA394006BFFD9 /* Frameworks */,
				04EE3BF31BCDA394006BFFD9 /* Resources */,
			);
			buildRules = (
			);
			dependencies = (
			);
			name = "Noughts And Crosses";
			productName = "Noughts And Crosses";
			productReference = 04EE3BF51BCDA394006BFFD9 /* Noughts And Crosses.app */;
			productType = "com.apple.product-type.application";
		};
/* End PBXNativeTarget section */

/* Begin PBXProject section */
		04EE3BED1BCDA394006BFFD9 /* Project object */ = {
			isa = PBXProject;
			attributes = {
				LastUpgradeCheck = 0700;
				ORGANIZATIONNAME = "Jorge Bastos";
				TargetAttributes = {
					04EE3BF41BCDA394006BFFD9 = {
						CreatedOnToolsVersion = 7.0.1;
					};
				};
			};
			buildConfigurationList = 04EE3BF01BCDA394006BFFD9 /* Build configuration list for PBXProject "Noughts And Crosses" */;
			compatibilityVersion = "Xcode 3.2";
			developmentRegion = English;
			hasScannedForEncodings = 0;
			knownRegions = (
				en,
				Base,
			);
			mainGroup = 04EE3BEC1BCDA394006BFFD9;
			productRefGroup = 04EE3BF61BCDA394006BFFD9 /* Products */;
			projectDirPath = "";
			projectRoot = "";
			targets = (
				04EE3BF41BCDA394006BFFD9 /* Noughts And Crosses */,
			);
		};
/* End PBXProject section */

/* Begin PBXResourcesBuildPhase section */
		04EE3BF31BCDA394006BFFD9 /* Resources */ = {
			isa = PBXResourcesBuildPhase;
			buildActionMask = 2147483647;
			files = (
				04EE3C0E1BCDA46F006BFFD9 /* cross.png in Resources */,
				04EE3C0D1BCDA46F006BFFD9 /* board.png in Resources */,
				04EE3C0F1BCDA46F006BFFD9 /* nought.png in Resources */,
				04EE3C031BCDA394006BFFD9 /* LaunchScreen.storyboard in Resources */,
				04EE3C001BCDA394006BFFD9 /* Assets.xcassets in Resources */,
				04EE3BFE1BCDA394006BFFD9 /* Main.storyboard in Resources */,
			);
			runOnlyForDeploymentPostprocessing = 0;
		};
/* End PBXResourcesBuildPhase section */

/* Begin PBXSourcesBuildPhase section */
		04EE3BF11BCDA394006BFFD9 /* Sources */ = {
			isa = PBXSourcesBuildPhase;
			buildActionMask = 2147483647;
			files = (
				04EE3BFB1BCDA394006BFFD9 /* ViewController.swift in Sources */,
				04EE3BF91BCDA394006BFFD9 /* AppDelegate.swift in Sources */,
			);
			runOnlyForDeploymentPostprocessing = 0;
		};
/* End PBXSourcesBuildPhase section */

/* Begin PBXVariantGroup section */
		04EE3BFC1BCDA394006BFFD9 /* Main.storyboard */ = {
			isa = PBXVariantGroup;
			children = (
				04EE3BFD1BCDA394006BFFD9 /* Base */,
			);
			name = Main.storyboard;
			sourceTree = "<group>";
		};
		04EE3C011BCDA394006BFFD9 /* LaunchScreen.storyboard */ = {
			isa = PBXVariantGroup;
			children = (
				04EE3C021BCDA394006BFFD9 /* Base */,
			);
			name = LaunchScreen.storyboard;
			sourceTree = "<group>";
		};
/* End PBXVariantGroup section */

/* Begin XCBuildConfiguration section */
		04EE3C051BCDA394006BFFD9 /* Debug */ = {
			isa = XCBuildConfiguration;
			buildSettings = {
				ALWAYS_SEARCH_USER_PATHS = NO;
				CLANG_CXX_LANGUAGE_STANDARD = "gnu++0x";
				CLANG_CXX_LIBRARY = "libc++";
				CLANG_ENABLE_MODULES = YES;
				CLANG_ENABLE_OBJC_ARC = YES;
				CLANG_WARN_BOOL_CONVERSION = YES;
				CLANG_WARN_CONSTANT_CONVERSION = YES;
				CLANG_WARN_DIRECT_OBJC_ISA_USAGE = YES_ERROR;
				CLANG_WARN_EMPTY_BODY = YES;
				CLANG_WARN_ENUM_CONVERSION = YES;
				CLANG_WARN_INT_CONVERSION = YES;
				CLANG_WARN_OBJC_ROOT_CLASS = YES_ERROR;
				CLANG_WARN_UNREACHABLE_CODE = YES;
				CLANG_WARN__DUPLICATE_METHOD_MATCH = YES;
				"CODE_SIGN_IDENTITY[sdk=iphoneos*]" = "iPhone Developer";
				COPY_PHASE_STRIP = NO;
				DEBUG_INFORMATION_FORMAT = dwarf;
				ENABLE_STRICT_OBJC_MSGSEND = YES;
				ENABLE_TESTABILITY = YES;
				GCC_C_LANGUAGE_STANDARD = gnu99;
				GCC_DYNAMIC_NO_PIC = NO;
				GCC_NO_COMMON_BLOCKS = YES;
				GCC_OPTIMIZATION_LEVEL = 0;
				GCC_PREPROCESSOR_DEFINITIONS = (
					"DEBUG=1",
					"$(inherited)",
				);
				GCC_WARN_64_TO_32_BIT_CONVERSION = YES;
				GCC_WARN_ABOUT_RETURN_TYPE = YES_ERROR;
				GCC_WARN_UNDECLARED_SELECTOR = YES;
				GCC_WARN_UNINITIALIZED_AUTOS = YES_AGGRESSIVE;
				GCC_WARN_UNUSED_FUNCTION = YES;
				GCC_WARN_UNUSED_VARIABLE = YES;
				IPHONEOS_DEPLOYMENT_TARGET = 9.0;
				MTL_ENABLE_DEBUG_INFO = YES;
				ONLY_ACTIVE_ARCH = YES;
				SDKROOT = iphoneos;
				SWIFT_OPTIMIZATION_LEVEL = "-Onone";
			};
			name = Debug;
		};
		04EE3C061BCDA394006BFFD9 /* Release */ = {
			isa = XCBuildConfiguration;
			buildSettings = {
				ALWAYS_SEARCH_USER_PATHS = NO;
				CLANG_CXX_LANGUAGE_STANDARD = "gnu++0x";
				CLANG_CXX_LIBRARY = "libc++";
				CLANG_ENABLE_MODULES = YES;
				CLANG_ENABLE_OBJC_ARC = YES;
				CLANG_WARN_BOOL_CONVERSION = YES;
				CLANG_WARN_CONSTANT_CONVERSION = YES;
				CLANG_WARN_DIRECT_OBJC_ISA_USAGE = YES_ERROR;
				CLANG_WARN_EMPTY_BODY = YES;
				CLANG_WARN_ENUM_CONVERSION = YES;
				CLANG_WARN_INT_CONVERSION = YES;
				CLANG_WARN_OBJC_ROOT_CLASS = YES_ERROR;
				CLANG_WARN_UNREACHABLE_CODE = YES;
				CLANG_WARN__DUPLICATE_METHOD_MATCH = YES;
				"CODE_SIGN_IDENTITY[sdk=iphoneos*]" = "iPhone Developer";
				COPY_PHASE_STRIP = NO;
				DEBUG_INFORMATION_FORMAT = "dwarf-with-dsym";
				ENABLE_NS_ASSERTIONS = NO;
				ENABLE_STRICT_OBJC_MSGSEND = YES;
				GCC_C_LANGUAGE_STANDARD = gnu99;
				GCC_NO_COMMON_BLOCKS = YES;
				GCC_WARN_64_TO_32_BIT_CONVERSION = YES;
				GCC_WARN_ABOUT_RETURN_TYPE = YES_ERROR;
				GCC_WARN_UNDECLARED_SELECTOR = YES;
				GCC_WARN_UNINITIALIZED_AUTOS = YES_AGGRESSIVE;
				GCC_WARN_UNUSED_FUNCTION = YES;
				GCC_WARN_UNUSED_VARIABLE = YES;
				IPHONEOS_DEPLOYMENT_TARGET = 9.0;
				MTL_ENABLE_DEBUG_INFO = NO;
				SDKROOT = iphoneos;
				VALIDATE_PRODUCT = YES;
			};
			name = Release;
		};
		04EE3C081BCDA394006BFFD9 /* Debug */ = {
			isa = XCBuildConfiguration;
			buildSettings = {
				ASSETCATALOG_COMPILER_APPICON_NAME = AppIcon;
				INFOPLIST_FILE = "Noughts And Crosses/Info.plist";
				LD_RUNPATH_SEARCH_PATHS = "$(inherited) @executable_path/Frameworks";
				PRODUCT_BUNDLE_IDENTIFIER = "-013D47B3CF6.Noughts-And-Crosses";
				PRODUCT_NAME = "$(TARGET_NAME)";
			};
			name = Debug;
		};
		04EE3C091BCDA394006BFFD9 /* Release */ = {
			isa = XCBuildConfiguration;
			buildSettings = {
				ASSETCATALOG_COMPILER_APPICON_NAME = AppIcon;
				INFOPLIST_FILE = "Noughts And Crosses/Info.plist";
				LD_RUNPATH_SEARCH_PATHS = "$(inherited) @executable_path/Frameworks";
				PRODUCT_BUNDLE_IDENTIFIER = "-013D47B3CF6.Noughts-And-Crosses";
				PRODUCT_NAME = "$(TARGET_NAME)";
			};
			name = Release;
		};
/* End XCBuildConfiguration section */

/* Begin XCConfigurationList section */
		04EE3BF01BCDA394006BFFD9 /* Build configuration list for PBXProject "Noughts And Crosses" */ = {
			isa = XCConfigurationList;
			buildConfigurations = (
				04EE3C051BCDA394006BFFD9 /* Debug */,
				04EE3C061BCDA394006BFFD9 /* Release */,
			);
			defaultConfigurationIsVisible = 0;
			defaultConfigurationName = Release;
		};
		04EE3C071BCDA394006BFFD9 /* Build configuration list for PBXNativeTarget "Noughts And Crosses" */ = {
			isa = XCConfigurationList;
			buildConfigurations = (
				04EE3C081BCDA394006BFFD9 /* Debug */,
				04EE3C091BCDA394006BFFD9 /* Release */,
			);
			defaultConfigurationIsVisible = 0;
		};
/* End XCConfigurationList section */
	};
	rootObject = 04EE3BED1BCDA394006BFFD9 /* Project object */;
}
