// !$*UTF8*$!
{
	archiveVersion = 1;
	classes = {
	};
	objectVersion = 46;
	objects = {

/* Begin PBXBuildFile section */
		04EE3B871BCD2DE0006BFFD9 /* AppDelegate.swift in Sources */ = {isa = PBXBuildFile; fileRef = 04EE3B861BCD2DE0006BFFD9 /* AppDelegate.swift */; };
		04EE3B891BCD2DE0006BFFD9 /* ViewController.swift in Sources */ = {isa = PBXBuildFile; fileRef = 04EE3B881BCD2DE0006BFFD9 /* ViewController.swift */; };
		04EE3B8C1BCD2DE0006BFFD9 /* Main.storyboard in Resources */ = {isa = PBXBuildFile; fileRef = 04EE3B8A1BCD2DE0006BFFD9 /* Main.storyboard */; };
		04EE3B8E1BCD2DE0006BFFD9 /* Assets.xcassets in Resources */ = {isa = PBXBuildFile; fileRef = 04EE3B8D1BCD2DE0006BFFD9 /* Assets.xcassets */; };
		04EE3B911BCD2DE0006BFFD9 /* LaunchScreen.storyboard in Resources */ = {isa = PBXBuildFile; fileRef = 04EE3B8F1BCD2DE0006BFFD9 /* LaunchScreen.storyboard */; };
/* End PBXBuildFile section */

/* Begin PBXFileReference section */
		04EE3B831BCD2DE0006BFFD9 /* Downloading Web Content.app */ = {isa = PBXFileReference; explicitFileType = wrapper.application; includeInIndex = 0; path = "Downloading Web Content.app"; sourceTree = BUILT_PRODUCTS_DIR; };
		04EE3B861BCD2DE0006BFFD9 /* AppDelegate.swift */ = {isa = PBXFileReference; lastKnownFileType = sourcecode.swift; path = AppDelegate.swift; sourceTree = "<group>"; };
		04EE3B881BCD2DE0006BFFD9 /* ViewController.swift */ = {isa = PBXFileReference; lastKnownFileType = sourcecode.swift; path = ViewController.swift; sourceTree = "<group>"; };
		04EE3B8B1BCD2DE0006BFFD9 /* Base */ = {isa = PBXFileReference; lastKnownFileType = file.storyboard; name = Base; path = Base.lproj/Main.storyboard; sourceTree = "<group>"; };
		04EE3B8D1BCD2DE0006BFFD9 /* Assets.xcassets */ = {isa = PBXFileReference; lastKnownFileType = folder.assetcatalog; path = Assets.xcassets; sourceTree = "<group>"; };
		04EE3B901BCD2DE0006BFFD9 /* Base */ = {isa = PBXFileReference; lastKnownFileType = file.storyboard; name = Base; path = Base.lproj/LaunchScreen.storyboard; sourceTree = "<group>"; };
		04EE3B921BCD2DE0006BFFD9 /* Info.plist */ = {isa = PBXFileReference; lastKnownFileType = text.plist.xml; path = Info.plist; sourceTree = "<group>"; };
/* End PBXFileReference section */

/* Begin PBXFrameworksBuildPhase section */
		04EE3B801BCD2DE0006BFFD9 /* Frameworks */ = {
			isa = PBXFrameworksBuildPhase;
			buildActionMask = 2147483647;
			files = (
			);
			runOnlyForDeploymentPostprocessing = 0;
		};
/* End PBXFrameworksBuildPhase section */

/* Begin PBXGroup section */
		04EE3B7A1BCD2DDF006BFFD9 = {
			isa = PBXGroup;
			children = (
				04EE3B851BCD2DE0006BFFD9 /* Downloading Web Content */,
				04EE3B841BCD2DE0006BFFD9 /* Products */,
			);
			sourceTree = "<group>";
		};
		04EE3B841BCD2DE0006BFFD9 /* Products */ = {
			isa = PBXGroup;
			children = (
				04EE3B831BCD2DE0006BFFD9 /* Downloading Web Content.app */,
			);
			name = Products;
			sourceTree = "<group>";
		};
		04EE3B851BCD2DE0006BFFD9 /* Downloading Web Content */ = {
			isa = PBXGroup;
			children = (
				04EE3B861BCD2DE0006BFFD9 /* AppDelegate.swift */,
				04EE3B881BCD2DE0006BFFD9 /* ViewController.swift */,
				04EE3B8A1BCD2DE0006BFFD9 /* Main.storyboard */,
				04EE3B8D1BCD2DE0006BFFD9 /* Assets.xcassets */,
				04EE3B8F1BCD2DE0006BFFD9 /* LaunchScreen.storyboard */,
				04EE3B921BCD2DE0006BFFD9 /* Info.plist */,
			);
			path = "Downloading Web Content";
			sourceTree = "<group>";
		};
/* End PBXGroup section */

/* Begin PBXNativeTarget section */
		04EE3B821BCD2DE0006BFFD9 /* Downloading Web Content */ = {
			isa = PBXNativeTarget;
			buildConfigurationList = 04EE3B951BCD2DE0006BFFD9 /* Build configuration list for PBXNativeTarget "Downloading Web Content" */;
			buildPhases = (
				04EE3B7F1BCD2DE0006BFFD9 /* Sources */,
				04EE3B801BCD2DE0006BFFD9 /* Frameworks */,
				04EE3B811BCD2DE0006BFFD9 /* Resources */,
			);
			buildRules = (
			);
			dependencies = (
			);
			name = "Downloading Web Content";
			productName = "Downloading Web Content";
			productReference = 04EE3B831BCD2DE0006BFFD9 /* Downloading Web Content.app */;
			productType = "com.apple.product-type.application";
		};
/* End PBXNativeTarget section */

/* Begin PBXProject section */
		04EE3B7B1BCD2DDF006BFFD9 /* Project object */ = {
			isa = PBXProject;
			attributes = {
				LastUpgradeCheck = 0700;
				ORGANIZATIONNAME = "Jorge Bastos";
				TargetAttributes = {
					04EE3B821BCD2DE0006BFFD9 = {
						CreatedOnToolsVersion = 7.0.1;
					};
				};
			};
			buildConfigurationList = 04EE3B7E1BCD2DDF006BFFD9 /* Build configuration list for PBXProject "Downloading Web Content" */;
			compatibilityVersion = "Xcode 3.2";
			developmentRegion = English;
			hasScannedForEncodings = 0;
			knownRegions = (
				en,
				Base,
			);
			mainGroup = 04EE3B7A1BCD2DDF006BFFD9;
			productRefGroup = 04EE3B841BCD2DE0006BFFD9 /* Products */;
			projectDirPath = "";
			projectRoot = "";
			targets = (
				04EE3B821BCD2DE0006BFFD9 /* Downloading Web Content */,
			);
		};
/* End PBXProject section */

/* Begin PBXResourcesBuildPhase section */
		04EE3B811BCD2DE0006BFFD9 /* Resources */ = {
			isa = PBXResourcesBuildPhase;
			buildActionMask = 2147483647;
			files = (
				04EE3B911BCD2DE0006BFFD9 /* LaunchScreen.storyboard in Resources */,
				04EE3B8E1BCD2DE0006BFFD9 /* Assets.xcassets in Resources */,
				04EE3B8C1BCD2DE0006BFFD9 /* Main.storyboard in Resources */,
			);
			runOnlyForDeploymentPostprocessing = 0;
		};
/* End PBXResourcesBuildPhase section */

/* Begin PBXSourcesBuildPhase section */
		04EE3B7F1BCD2DE0006BFFD9 /* Sources */ = {
			isa = PBXSourcesBuildPhase;
			buildActionMask = 2147483647;
			files = (
				04EE3B891BCD2DE0006BFFD9 /* ViewController.swift in Sources */,
				04EE3B871BCD2DE0006BFFD9 /* AppDelegate.swift in Sources */,
			);
			runOnlyForDeploymentPostprocessing = 0;
		};
/* End PBXSourcesBuildPhase section */

/* Begin PBXVariantGroup section */
		04EE3B8A1BCD2DE0006BFFD9 /* Main.storyboard */ = {
			isa = PBXVariantGroup;
			children = (
				04EE3B8B1BCD2DE0006BFFD9 /* Base */,
			);
			name = Main.storyboard;
			sourceTree = "<group>";
		};
		04EE3B8F1BCD2DE0006BFFD9 /* LaunchScreen.storyboard */ = {
			isa = PBXVariantGroup;
			children = (
				04EE3B901BCD2DE0006BFFD9 /* Base */,
			);
			name = LaunchScreen.storyboard;
			sourceTree = "<group>";
		};
/* End PBXVariantGroup section */

/* Begin XCBuildConfiguration section */
		04EE3B931BCD2DE0006BFFD9 /* Debug */ = {
			isa = XCBuildConfiguration;
			buildSettings = {
				ALWAYS_SEARCH_USER_PATHS = NO;
				CLANG_CXX_LANGUAGE_STANDARD = "gnu++0x";
				CLANG_CXX_LIBRARY = "libc++";
				CLANG_ENABLE_MODULES = YES;
				CLANG_ENABLE_OBJC_ARC = YES;
				CLANG_WARN_BOOL_CONVERSION = YES;
				CLANG_WARN_CONSTANT_CONVERSION = YES;
				CLANG_WARN_DIRECT_OBJC_ISA_USAGE = YES_ERROR;
				CLANG_WARN_EMPTY_BODY = YES;
				CLANG_WARN_ENUM_CONVERSION = YES;
				CLANG_WARN_INT_CONVERSION = YES;
				CLANG_WARN_OBJC_ROOT_CLASS = YES_ERROR;
				CLANG_WARN_UNREACHABLE_CODE = YES;
				CLANG_WARN__DUPLICATE_METHOD_MATCH = YES;
				"CODE_SIGN_IDENTITY[sdk=iphoneos*]" = "iPhone Developer";
				COPY_PHASE_STRIP = NO;
				DEBUG_INFORMATION_FORMAT = dwarf;
				ENABLE_STRICT_OBJC_MSGSEND = YES;
				ENABLE_TESTABILITY = YES;
				GCC_C_LANGUAGE_STANDARD = gnu99;
				GCC_DYNAMIC_NO_PIC = NO;
				GCC_NO_COMMON_BLOCKS = YES;
				GCC_OPTIMIZATION_LEVEL = 0;
				GCC_PREPROCESSOR_DEFINITIONS = (
					"DEBUG=1",
					"$(inherited)",
				);
				GCC_WARN_64_TO_32_BIT_CONVERSION = YES;
				GCC_WARN_ABOUT_RETURN_TYPE = YES_ERROR;
				GCC_WARN_UNDECLARED_SELECTOR = YES;
				GCC_WARN_UNINITIALIZED_AUTOS = YES_AGGRESSIVE;
				GCC_WARN_UNUSED_FUNCTION = YES;
				GCC_WARN_UNUSED_VARIABLE = YES;
				IPHONEOS_DEPLOYMENT_TARGET = 9.0;
				MTL_ENABLE_DEBUG_INFO = YES;
				ONLY_ACTIVE_ARCH = YES;
				SDKROOT = iphoneos;
				SWIFT_OPTIMIZATION_LEVEL = "-Onone";
			};
			name = Debug;
		};
		04EE3B941BCD2DE0006BFFD9 /* Release */ = {
			isa = XCBuildConfiguration;
			buildSettings = {
				ALWAYS_SEARCH_USER_PATHS = NO;
				CLANG_CXX_LANGUAGE_STANDARD = "gnu++0x";
				CLANG_CXX_LIBRARY = "libc++";
				CLANG_ENABLE_MODULES = YES;
				CLANG_ENABLE_OBJC_ARC = YES;
				CLANG_WARN_BOOL_CONVERSION = YES;
				CLANG_WARN_CONSTANT_CONVERSION = YES;
				CLANG_WARN_DIRECT_OBJC_ISA_USAGE = YES_ERROR;
				CLANG_WARN_EMPTY_BODY = YES;
				CLANG_WARN_ENUM_CONVERSION = YES;
				CLANG_WARN_INT_CONVERSION = YES;
				CLANG_WARN_OBJC_ROOT_CLASS = YES_ERROR;
				CLANG_WARN_UNREACHABLE_CODE = YES;
				CLANG_WARN__DUPLICATE_METHOD_MATCH = YES;
				"CODE_SIGN_IDENTITY[sdk=iphoneos*]" = "iPhone Developer";
				COPY_PHASE_STRIP = NO;
				DEBUG_INFORMATION_FORMAT = "dwarf-with-dsym";
				ENABLE_NS_ASSERTIONS = NO;
				ENABLE_STRICT_OBJC_MSGSEND = YES;
				GCC_C_LANGUAGE_STANDARD = gnu99;
				GCC_NO_COMMON_BLOCKS = YES;
				GCC_WARN_64_TO_32_BIT_CONVERSION = YES;
				GCC_WARN_ABOUT_RETURN_TYPE = YES_ERROR;
				GCC_WARN_UNDECLARED_SELECTOR = YES;
				GCC_WARN_UNINITIALIZED_AUTOS = YES_AGGRESSIVE;
				GCC_WARN_UNUSED_FUNCTION = YES;
				GCC_WARN_UNUSED_VARIABLE = YES;
				IPHONEOS_DEPLOYMENT_TARGET = 9.0;
				MTL_ENABLE_DEBUG_INFO = NO;
				SDKROOT = iphoneos;
				VALIDATE_PRODUCT = YES;
			};
			name = Release;
		};
		04EE3B961BCD2DE0006BFFD9 /* Debug */ = {
			isa = XCBuildConfiguration;
			buildSettings = {
				ASSETCATALOG_COMPILER_APPICON_NAME = AppIcon;
				INFOPLIST_FILE = "Downloading Web Content/Info.plist";
				LD_RUNPATH_SEARCH_PATHS = "$(inherited) @executable_path/Frameworks";
				PRODUCT_BUNDLE_IDENTIFIER = "-013D47B3CF6.Downloading-Web-Content";
				PRODUCT_NAME = "$(TARGET_NAME)";
			};
			name = Debug;
		};
		04EE3B971BCD2DE0006BFFD9 /* Release */ = {
			isa = XCBuildConfiguration;
			buildSettings = {
				ASSETCATALOG_COMPILER_APPICON_NAME = AppIcon;
				INFOPLIST_FILE = "Downloading Web Content/Info.plist";
				LD_RUNPATH_SEARCH_PATHS = "$(inherited) @executable_path/Frameworks";
				PRODUCT_BUNDLE_IDENTIFIER = "-013D47B3CF6.Downloading-Web-Content";
				PRODUCT_NAME = "$(TARGET_NAME)";
			};
			name = Release;
		};
/* End XCBuildConfiguration section */

/* Begin XCConfigurationList section */
		04EE3B7E1BCD2DDF006BFFD9 /* Build configuration list for PBXProject "Downloading Web Content" */ = {
			isa = XCConfigurationList;
			buildConfigurations = (
				04EE3B931BCD2DE0006BFFD9 /* Debug */,
				04EE3B941BCD2DE0006BFFD9 /* Release */,
			);
			defaultConfigurationIsVisible = 0;
			defaultConfigurationName = Release;
		};
		04EE3B951BCD2DE0006BFFD9 /* Build configuration list for PBXNativeTarget "Downloading Web Content" */ = {
			isa = XCConfigurationList;
			buildConfigurations = (
				04EE3B961BCD2DE0006BFFD9 /* Debug */,
				04EE3B971BCD2DE0006BFFD9 /* Release */,
			);
			defaultConfigurationIsVisible = 0;
		};
/* End XCConfigurationList section */
	};
	rootObject = 04EE3B7B1BCD2DDF006BFFD9 /* Project object */;
}
