// !$*UTF8*$!
{
	archiveVersion = 1;
	classes = {
	};
	objectVersion = 46;
	objects = {

/* Begin PBXBuildFile section */
		04EE3BA51BCD424D006BFFD9 /* AppDelegate.swift in Sources */ = {isa = PBXBuildFile; fileRef = 04EE3BA41BCD424D006BFFD9 /* AppDelegate.swift */; };
		04EE3BA71BCD424D006BFFD9 /* ViewController.swift in Sources */ = {isa = PBXBuildFile; fileRef = 04EE3BA61BCD424D006BFFD9 /* ViewController.swift */; };
		04EE3BAA1BCD424D006BFFD9 /* Main.storyboard in Resources */ = {isa = PBXBuildFile; fileRef = 04EE3BA81BCD424D006BFFD9 /* Main.storyboard */; };
		04EE3BAC1BCD424D006BFFD9 /* Assets.xcassets in Resources */ = {isa = PBXBuildFile; fileRef = 04EE3BAB1BCD424D006BFFD9 /* Assets.xcassets */; };
		04EE3BAF1BCD424D006BFFD9 /* LaunchScreen.storyboard in Resources */ = {isa = PBXBuildFile; fileRef = 04EE3BAD1BCD424D006BFFD9 /* LaunchScreen.storyboard */; };
		04EE3BB91BCD4569006BFFD9 /* El Capitan.jpg in Resources */ = {isa = PBXBuildFile; fileRef = 04EE3BB81BCD4569006BFFD9 /* El Capitan.jpg */; settings = {ASSET_TAGS = (); }; };
/* End PBXBuildFile section */

/* Begin PBXFileReference section */
		04EE3BA11BCD424D006BFFD9 /* Whats The Weather.app */ = {isa = PBXFileReference; explicitFileType = wrapper.application; includeInIndex = 0; path = "Whats The Weather.app"; sourceTree = BUILT_PRODUCTS_DIR; };
		04EE3BA41BCD424D006BFFD9 /* AppDelegate.swift */ = {isa = PBXFileReference; lastKnownFileType = sourcecode.swift; path = AppDelegate.swift; sourceTree = "<group>"; };
		04EE3BA61BCD424D006BFFD9 /* ViewController.swift */ = {isa = PBXFileReference; lastKnownFileType = sourcecode.swift; path = ViewController.swift; sourceTree = "<group>"; };
		04EE3BA91BCD424D006BFFD9 /* Base */ = {isa = PBXFileReference; lastKnownFileType = file.storyboard; name = Base; path = Base.lproj/Main.storyboard; sourceTree = "<group>"; };
		04EE3BAB1BCD424D006BFFD9 /* Assets.xcassets */ = {isa = PBXFileReference; lastKnownFileType = folder.assetcatalog; path = Assets.xcassets; sourceTree = "<group>"; };
		04EE3BAE1BCD424D006BFFD9 /* Base */ = {isa = PBXFileReference; lastKnownFileType = file.storyboard; name = Base; path = Base.lproj/LaunchScreen.storyboard; sourceTree = "<group>"; };
		04EE3BB01BCD424D006BFFD9 /* Info.plist */ = {isa = PBXFileReference; lastKnownFileType = text.plist.xml; path = Info.plist; sourceTree = "<group>"; };
		04EE3BB81BCD4569006BFFD9 /* El Capitan.jpg */ = {isa = PBXFileReference; lastKnownFileType = image.jpeg; path = "El Capitan.jpg"; sourceTree = "<group>"; };
/* End PBXFileReference section */

/* Begin PBXFrameworksBuildPhase section */
		04EE3B9E1BCD424D006BFFD9 /* Frameworks */ = {
			isa = PBXFrameworksBuildPhase;
			buildActionMask = 2147483647;
			files = (
			);
			runOnlyForDeploymentPostprocessing = 0;
		};
/* End PBXFrameworksBuildPhase section */

/* Begin PBXGroup section */
		04EE3B981BCD424D006BFFD9 = {
			isa = PBXGroup;
			children = (
				04EE3BA31BCD424D006BFFD9 /* Whats The Weather */,
				04EE3BA21BCD424D006BFFD9 /* Products */,
			);
			sourceTree = "<group>";
		};
		04EE3BA21BCD424D006BFFD9 /* Products */ = {
			isa = PBXGroup;
			children = (
				04EE3BA11BCD424D006BFFD9 /* Whats The Weather.app */,
			);
			name = Products;
			sourceTree = "<group>";
		};
		04EE3BA31BCD424D006BFFD9 /* Whats The Weather */ = {
			isa = PBXGroup;
			children = (
				04EE3BA41BCD424D006BFFD9 /* AppDelegate.swift */,
				04EE3BA61BCD424D006BFFD9 /* ViewController.swift */,
				04EE3BA81BCD424D006BFFD9 /* Main.storyboard */,
				04EE3BB81BCD4569006BFFD9 /* El Capitan.jpg */,
				04EE3BAB1BCD424D006BFFD9 /* Assets.xcassets */,
				04EE3BAD1BCD424D006BFFD9 /* LaunchScreen.storyboard */,
				04EE3BB01BCD424D006BFFD9 /* Info.plist */,
			);
			path = "Whats The Weather";
			sourceTree = "<group>";
		};
/* End PBXGroup section */

/* Begin PBXNativeTarget section */
		04EE3BA01BCD424D006BFFD9 /* Whats The Weather */ = {
			isa = PBXNativeTarget;
			buildConfigurationList = 04EE3BB31BCD424D006BFFD9 /* Build configuration list for PBXNativeTarget "Whats The Weather" */;
			buildPhases = (
				04EE3B9D1BCD424D006BFFD9 /* Sources */,
				04EE3B9E1BCD424D006BFFD9 /* Frameworks */,
				04EE3B9F1BCD424D006BFFD9 /* Resources */,
			);
			buildRules = (
			);
			dependencies = (
			);
			name = "Whats The Weather";
			productName = "Whats The Weather";
			productReference = 04EE3BA11BCD424D006BFFD9 /* Whats The Weather.app */;
			productType = "com.apple.product-type.application";
		};
/* End PBXNativeTarget section */

/* Begin PBXProject section */
		04EE3B991BCD424D006BFFD9 /* Project object */ = {
			isa = PBXProject;
			attributes = {
				LastUpgradeCheck = 0700;
				ORGANIZATIONNAME = "Jorge Bastos";
				TargetAttributes = {
					04EE3BA01BCD424D006BFFD9 = {
						CreatedOnToolsVersion = 7.0.1;
					};
				};
			};
			buildConfigurationList = 04EE3B9C1BCD424D006BFFD9 /* Build configuration list for PBXProject "Whats The Weather" */;
			compatibilityVersion = "Xcode 3.2";
			developmentRegion = English;
			hasScannedForEncodings = 0;
			knownRegions = (
				en,
				Base,
			);
			mainGroup = 04EE3B981BCD424D006BFFD9;
			productRefGroup = 04EE3BA21BCD424D006BFFD9 /* Products */;
			projectDirPath = "";
			projectRoot = "";
			targets = (
				04EE3BA01BCD424D006BFFD9 /* Whats The Weather */,
			);
		};
/* End PBXProject section */

/* Begin PBXResourcesBuildPhase section */
		04EE3B9F1BCD424D006BFFD9 /* Resources */ = {
			isa = PBXResourcesBuildPhase;
			buildActionMask = 2147483647;
			files = (
				04EE3BAF1BCD424D006BFFD9 /* LaunchScreen.storyboard in Resources */,
				04EE3BAC1BCD424D006BFFD9 /* Assets.xcassets in Resources */,
				04EE3BB91BCD4569006BFFD9 /* El Capitan.jpg in Resources */,
				04EE3BAA1BCD424D006BFFD9 /* Main.storyboard in Resources */,
			);
			runOnlyForDeploymentPostprocessing = 0;
		};
/* End PBXResourcesBuildPhase section */

/* Begin PBXSourcesBuildPhase section */
		04EE3B9D1BCD424D006BFFD9 /* Sources */ = {
			isa = PBXSourcesBuildPhase;
			buildActionMask = 2147483647;
			files = (
				04EE3BA71BCD424D006BFFD9 /* ViewController.swift in Sources */,
				04EE3BA51BCD424D006BFFD9 /* AppDelegate.swift in Sources */,
			);
			runOnlyForDeploymentPostprocessing = 0;
		};
/* End PBXSourcesBuildPhase section */

/* Begin PBXVariantGroup section */
		04EE3BA81BCD424D006BFFD9 /* Main.storyboard */ = {
			isa = PBXVariantGroup;
			children = (
				04EE3BA91BCD424D006BFFD9 /* Base */,
			);
			name = Main.storyboard;
			sourceTree = "<group>";
		};
		04EE3BAD1BCD424D006BFFD9 /* LaunchScreen.storyboard */ = {
			isa = PBXVariantGroup;
			children = (
				04EE3BAE1BCD424D006BFFD9 /* Base */,
			);
			name = LaunchScreen.storyboard;
			sourceTree = "<group>";
		};
/* End PBXVariantGroup section */

/* Begin XCBuildConfiguration section */
		04EE3BB11BCD424D006BFFD9 /* Debug */ = {
			isa = XCBuildConfiguration;
			buildSettings = {
				ALWAYS_SEARCH_USER_PATHS = NO;
				CLANG_CXX_LANGUAGE_STANDARD = "gnu++0x";
				CLANG_CXX_LIBRARY = "libc++";
				CLANG_ENABLE_MODULES = YES;
				CLANG_ENABLE_OBJC_ARC = YES;
				CLANG_WARN_BOOL_CONVERSION = YES;
				CLANG_WARN_CONSTANT_CONVERSION = YES;
				CLANG_WARN_DIRECT_OBJC_ISA_USAGE = YES_ERROR;
				CLANG_WARN_EMPTY_BODY = YES;
				CLANG_WARN_ENUM_CONVERSION = YES;
				CLANG_WARN_INT_CONVERSION = YES;
				CLANG_WARN_OBJC_ROOT_CLASS = YES_ERROR;
				CLANG_WARN_UNREACHABLE_CODE = YES;
				CLANG_WARN__DUPLICATE_METHOD_MATCH = YES;
				"CODE_SIGN_IDENTITY[sdk=iphoneos*]" = "iPhone Developer";
				COPY_PHASE_STRIP = NO;
				DEBUG_INFORMATION_FORMAT = dwarf;
				ENABLE_STRICT_OBJC_MSGSEND = YES;
				ENABLE_TESTABILITY = YES;
				GCC_C_LANGUAGE_STANDARD = gnu99;
				GCC_DYNAMIC_NO_PIC = NO;
				GCC_NO_COMMON_BLOCKS = YES;
				GCC_OPTIMIZATION_LEVEL = 0;
				GCC_PREPROCESSOR_DEFINITIONS = (
					"DEBUG=1",
					"$(inherited)",
				);
				GCC_WARN_64_TO_32_BIT_CONVERSION = YES;
				GCC_WARN_ABOUT_RETURN_TYPE = YES_ERROR;
				GCC_WARN_UNDECLARED_SELECTOR = YES;
				GCC_WARN_UNINITIALIZED_AUTOS = YES_AGGRESSIVE;
				GCC_WARN_UNUSED_FUNCTION = YES;
				GCC_WARN_UNUSED_VARIABLE = YES;
				IPHONEOS_DEPLOYMENT_TARGET = 9.0;
				MTL_ENABLE_DEBUG_INFO = YES;
				ONLY_ACTIVE_ARCH = YES;
				SDKROOT = iphoneos;
				SWIFT_OPTIMIZATION_LEVEL = "-Onone";
			};
			name = Debug;
		};
		04EE3BB21BCD424D006BFFD9 /* Release */ = {
			isa = XCBuildConfiguration;
			buildSettings = {
				ALWAYS_SEARCH_USER_PATHS = NO;
				CLANG_CXX_LANGUAGE_STANDARD = "gnu++0x";
				CLANG_CXX_LIBRARY = "libc++";
				CLANG_ENABLE_MODULES = YES;
				CLANG_ENABLE_OBJC_ARC = YES;
				CLANG_WARN_BOOL_CONVERSION = YES;
				CLANG_WARN_CONSTANT_CONVERSION = YES;
				CLANG_WARN_DIRECT_OBJC_ISA_USAGE = YES_ERROR;
				CLANG_WARN_EMPTY_BODY = YES;
				CLANG_WARN_ENUM_CONVERSION = YES;
				CLANG_WARN_INT_CONVERSION = YES;
				CLANG_WARN_OBJC_ROOT_CLASS = YES_ERROR;
				CLANG_WARN_UNREACHABLE_CODE = YES;
				CLANG_WARN__DUPLICATE_METHOD_MATCH = YES;
				"CODE_SIGN_IDENTITY[sdk=iphoneos*]" = "iPhone Developer";
				COPY_PHASE_STRIP = NO;
				DEBUG_INFORMATION_FORMAT = "dwarf-with-dsym";
				ENABLE_NS_ASSERTIONS = NO;
				ENABLE_STRICT_OBJC_MSGSEND = YES;
				GCC_C_LANGUAGE_STANDARD = gnu99;
				GCC_NO_COMMON_BLOCKS = YES;
				GCC_WARN_64_TO_32_BIT_CONVERSION = YES;
				GCC_WARN_ABOUT_RETURN_TYPE = YES_ERROR;
				GCC_WARN_UNDECLARED_SELECTOR = YES;
				GCC_WARN_UNINITIALIZED_AUTOS = YES_AGGRESSIVE;
				GCC_WARN_UNUSED_FUNCTION = YES;
				GCC_WARN_UNUSED_VARIABLE = YES;
				IPHONEOS_DEPLOYMENT_TARGET = 9.0;
				MTL_ENABLE_DEBUG_INFO = NO;
				SDKROOT = iphoneos;
				VALIDATE_PRODUCT = YES;
			};
			name = Release;
		};
		04EE3BB41BCD424D006BFFD9 /* Debug */ = {
			isa = XCBuildConfiguration;
			buildSettings = {
				ASSETCATALOG_COMPILER_APPICON_NAME = AppIcon;
				INFOPLIST_FILE = "Whats The Weather/Info.plist";
				LD_RUNPATH_SEARCH_PATHS = "$(inherited) @executable_path/Frameworks";
				PRODUCT_BUNDLE_IDENTIFIER = "-013D47B3CF6.Whats-The-Weather";
				PRODUCT_NAME = "$(TARGET_NAME)";
			};
			name = Debug;
		};
		04EE3BB51BCD424D006BFFD9 /* Release */ = {
			isa = XCBuildConfiguration;
			buildSettings = {
				ASSETCATALOG_COMPILER_APPICON_NAME = AppIcon;
				INFOPLIST_FILE = "Whats The Weather/Info.plist";
				LD_RUNPATH_SEARCH_PATHS = "$(inherited) @executable_path/Frameworks";
				PRODUCT_BUNDLE_IDENTIFIER = "-013D47B3CF6.Whats-The-Weather";
				PRODUCT_NAME = "$(TARGET_NAME)";
			};
			name = Release;
		};
/* End XCBuildConfiguration section */

/* Begin XCConfigurationList section */
		04EE3B9C1BCD424D006BFFD9 /* Build configuration list for PBXProject "Whats The Weather" */ = {
			isa = XCConfigurationList;
			buildConfigurations = (
				04EE3BB11BCD424D006BFFD9 /* Debug */,
				04EE3BB21BCD424D006BFFD9 /* Release */,
			);
			defaultConfigurationIsVisible = 0;
			defaultConfigurationName = Release;
		};
		04EE3BB31BCD424D006BFFD9 /* Build configuration list for PBXNativeTarget "Whats The Weather" */ = {
			isa = XCConfigurationList;
			buildConfigurations = (
				04EE3BB41BCD424D006BFFD9 /* Debug */,
				04EE3BB51BCD424D006BFFD9 /* Release */,
			);
			defaultConfigurationIsVisible = 0;
		};
/* End XCConfigurationList section */
	};
	rootObject = 04EE3B991BCD424D006BFFD9 /* Project object */;
}
